
Microsoft Visual Studio Solution File, Format Version 12.00
# Visual Studio Version 16
VisualStudioVersion = 16.0.30517.126
MinimumVisualStudioVersion = 10.0.40219.1
Project("{FAE04EC0-301F-11D3-BF4B-00C04F79EFBC}") = "NoteAppUI", "NoteAppUI\NoteAppUI.csproj", "{F48A9C1E-92DE-40DA-A784-011FB99DE007}"
EndProject
Global
	GlobalSection(SolutionConfigurationPlatforms) = preSolution
		Debug|Any CPU = Debug|Any CPU
		Release|Any CPU = Release|Any CPU
	EndGlobalSection
	GlobalSection(ProjectConfigurationPlatforms) = postSolution
		{F48A9C1E-92DE-40DA-A784-011FB99DE007}.Debug|Any CPU.ActiveCfg = Debug|Any CPU
		{F48A9C1E-92DE-40DA-A784-011FB99DE007}.Debug|Any CPU.Build.0 = Debug|Any CPU
		{F48A9C1E-92DE-40DA-A784-011FB99DE007}.Release|Any CPU.ActiveCfg = Release|Any CPU
		{F48A9C1E-92DE-40DA-A784-011FB99DE007}.Release|Any CPU.Build.0 = Release|Any CPU
	EndGlobalSection
	GlobalSection(SolutionProperties) = preSolution
		HideSolutionNode = FALSE
	EndGlobalSection
	GlobalSection(ExtensibilityGlobals) = postSolution
		SolutionGuid = {BB4B3EDA-842B-4B9D-A554-4C05D59386CF}
	EndGlobalSection
EndGlobal
